
Microsoft Visual Studio Solution File, Format Version 12.00
# Visual Studio 15
VisualStudioVersion = 15.0.28307.106
MinimumVisualStudioVersion = 10.0.40219.1
Project("{FAE04EC0-301F-11D3-BF4B-00C04F79EFBC}") = "Acceso_Datos", "Acceso_Datos\Acceso_Datos.csproj", "{593DCD66-A5A6-4466-AAB0-D7410F488E9B}"
EndProject
Project("{FAE04EC0-301F-11D3-BF4B-00C04F79EFBC}") = "Entidades", "Entidades\Entidades.csproj", "{95650465-7963-425E-A371-CA01F71FC4B0}"
EndProject
Project("{FAE04EC0-301F-11D3-BF4B-00C04F79EFBC}") = "Negocios", "Negocios\Negocios.csproj", "{2E47881A-6299-4B77-B6C2-75DCCFAFFF25}"
EndProject
Project("{FAE04EC0-301F-11D3-BF4B-00C04F79EFBC}") = "Presentacion", "Presentacion\Presentacion.csproj", "{C1D37BD3-74DA-4BA6-9834-29A0C3BA876B}"
EndProject
Project("{FAE04EC0-301F-11D3-BF4B-00C04F79EFBC}") = "Principal", "Principal\Principal.csproj", "{751B29CD-00B6-41C2-B695-5C7E50E7E04F}"
EndProject
Global
	GlobalSection(SolutionConfigurationPlatforms) = preSolution
		Debug|Any CPU = Debug|Any CPU
		Release|Any CPU = Release|Any CPU
	EndGlobalSection
	GlobalSection(ProjectConfigurationPlatforms) = postSolution
		{593DCD66-A5A6-4466-AAB0-D7410F488E9B}.Debug|Any CPU.ActiveCfg = Debug|Any CPU
		{593DCD66-A5A6-4466-AAB0-D7410F488E9B}.Debug|Any CPU.Build.0 = Debug|Any CPU
		{593DCD66-A5A6-4466-AAB0-D7410F488E9B}.Release|Any CPU.ActiveCfg = Release|Any CPU
		{593DCD66-A5A6-4466-AAB0-D7410F488E9B}.Release|Any CPU.Build.0 = Release|Any CPU
		{95650465-7963-425E-A371-CA01F71FC4B0}.Debug|Any CPU.ActiveCfg = Debug|Any CPU
		{95650465-7963-425E-A371-CA01F71FC4B0}.Debug|Any CPU.Build.0 = Debug|Any CPU
		{95650465-7963-425E-A371-CA01F71FC4B0}.Release|Any CPU.ActiveCfg = Release|Any CPU
		{95650465-7963-425E-A371-CA01F71FC4B0}.Release|Any CPU.Build.0 = Release|Any CPU
		{2E47881A-6299-4B77-B6C2-75DCCFAFFF25}.Debug|Any CPU.ActiveCfg = Debug|Any CPU
		{2E47881A-6299-4B77-B6C2-75DCCFAFFF25}.Debug|Any CPU.Build.0 = Debug|Any CPU
		{2E47881A-6299-4B77-B6C2-75DCCFAFFF25}.Release|Any CPU.ActiveCfg = Release|Any CPU
		{2E47881A-6299-4B77-B6C2-75DCCFAFFF25}.Release|Any CPU.Build.0 = Release|Any CPU
		{C1D37BD3-74DA-4BA6-9834-29A0C3BA876B}.Debug|Any CPU.ActiveCfg = Debug|Any CPU
		{C1D37BD3-74DA-4BA6-9834-29A0C3BA876B}.Debug|Any CPU.Build.0 = Debug|Any CPU
		{C1D37BD3-74DA-4BA6-9834-29A0C3BA876B}.Release|Any CPU.ActiveCfg = Release|Any CPU
		{C1D37BD3-74DA-4BA6-9834-29A0C3BA876B}.Release|Any CPU.Build.0 = Release|Any CPU
		{751B29CD-00B6-41C2-B695-5C7E50E7E04F}.Debug|Any CPU.ActiveCfg = Debug|Any CPU
		{751B29CD-00B6-41C2-B695-5C7E50E7E04F}.Debug|Any CPU.Build.0 = Debug|Any CPU
		{751B29CD-00B6-41C2-B695-5C7E50E7E04F}.Release|Any CPU.ActiveCfg = Release|Any CPU
		{751B29CD-00B6-41C2-B695-5C7E50E7E04F}.Release|Any CPU.Build.0 = Release|Any CPU
	EndGlobalSection
	GlobalSection(SolutionProperties) = preSolution
		HideSolutionNode = FALSE
	EndGlobalSection
	GlobalSection(ExtensibilityGlobals) = postSolution
		SolutionGuid = {545E8A48-0D64-41CD-A0ED-968634DA7FB5}
	EndGlobalSection
EndGlobal
